// !$*UTF8*$!
{
	archiveVersion = 1;
	classes = {
	};
	objectVersion = 50;
	objects = {

/* Begin PBXBuildFile section */
		1BD9FC54228B615E00C36991 /* AppDelegate.swift in Sources */ = {isa = PBXBuildFile; fileRef = 1BD9FC53228B615E00C36991 /* AppDelegate.swift */; };
		1BD9FC56228B615E00C36991 /* ViewController.swift in Sources */ = {isa = PBXBuildFile; fileRef = 1BD9FC55228B615E00C36991 /* ViewController.swift */; };
		1BD9FC59228B615E00C36991 /* Main.storyboard in Resources */ = {isa = PBXBuildFile; fileRef = 1BD9FC57228B615E00C36991 /* Main.storyboard */; };
		1BD9FC5B228B616100C36991 /* Assets.xcassets in Resources */ = {isa = PBXBuildFile; fileRef = 1BD9FC5A228B616100C36991 /* Assets.xcassets */; };
		1BD9FC5E228B616100C36991 /* LaunchScreen.storyboard in Resources */ = {isa = PBXBuildFile; fileRef = 1BD9FC5C228B616100C36991 /* LaunchScreen.storyboard */; };
		1BD9FC67228B61E000C36991 /* UIColor+Scheme.swift in Sources */ = {isa = PBXBuildFile; fileRef = 1BD9FC66228B61E000C36991 /* UIColor+Scheme.swift */; };
		1BD9FC69228B627600C36991 /* CompaniesViewController.swift in Sources */ = {isa = PBXBuildFile; fileRef = 1BD9FC68228B627600C36991 /* CompaniesViewController.swift */; };
		1BD9FC6B228B6DD700C36991 /* AddCompanyViewController.swift in Sources */ = {isa = PBXBuildFile; fileRef = 1BD9FC6A228B6DD700C36991 /* AddCompanyViewController.swift */; };
		1BD9FC6D228B7BE800C36991 /* UIView+ConstraintLayout.swift in Sources */ = {isa = PBXBuildFile; fileRef = 1BD9FC6C228B7BE800C36991 /* UIView+ConstraintLayout.swift */; };
		1BD9FC70228B84CF00C36991 /* JobTracker.xcdatamodeld in Sources */ = {isa = PBXBuildFile; fileRef = 1BD9FC6E228B84CF00C36991 /* JobTracker.xcdatamodeld */; };
		1BD9FC72228CACC600C36991 /* CoreDataManager.swift in Sources */ = {isa = PBXBuildFile; fileRef = 1BD9FC71228CACC600C36991 /* CoreDataManager.swift */; };
/* End PBXBuildFile section */

/* Begin PBXFileReference section */
		1BD9FC50228B615E00C36991 /* JobTracker.app */ = {isa = PBXFileReference; explicitFileType = wrapper.application; includeInIndex = 0; path = JobTracker.app; sourceTree = BUILT_PRODUCTS_DIR; };
		1BD9FC53228B615E00C36991 /* AppDelegate.swift */ = {isa = PBXFileReference; lastKnownFileType = sourcecode.swift; path = AppDelegate.swift; sourceTree = "<group>"; };
		1BD9FC55228B615E00C36991 /* ViewController.swift */ = {isa = PBXFileReference; lastKnownFileType = sourcecode.swift; path = ViewController.swift; sourceTree = "<group>"; };
		1BD9FC58228B615E00C36991 /* Base */ = {isa = PBXFileReference; lastKnownFileType = file.storyboard; name = Base; path = Base.lproj/Main.storyboard; sourceTree = "<group>"; };
		1BD9FC5A228B616100C36991 /* Assets.xcassets */ = {isa = PBXFileReference; lastKnownFileType = folder.assetcatalog; path = Assets.xcassets; sourceTree = "<group>"; };
		1BD9FC5D228B616100C36991 /* Base */ = {isa = PBXFileReference; lastKnownFileType = file.storyboard; name = Base; path = Base.lproj/LaunchScreen.storyboard; sourceTree = "<group>"; };
		1BD9FC5F228B616100C36991 /* Info.plist */ = {isa = PBXFileReference; lastKnownFileType = text.plist.xml; path = Info.plist; sourceTree = "<group>"; };
		1BD9FC66228B61E000C36991 /* UIColor+Scheme.swift */ = {isa = PBXFileReference; lastKnownFileType = sourcecode.swift; path = "UIColor+Scheme.swift"; sourceTree = "<group>"; };
		1BD9FC68228B627600C36991 /* CompaniesViewController.swift */ = {isa = PBXFileReference; lastKnownFileType = sourcecode.swift; path = CompaniesViewController.swift; sourceTree = "<group>"; };
		1BD9FC6A228B6DD700C36991 /* AddCompanyViewController.swift */ = {isa = PBXFileReference; lastKnownFileType = sourcecode.swift; path = AddCompanyViewController.swift; sourceTree = "<group>"; };
		1BD9FC6C228B7BE800C36991 /* UIView+ConstraintLayout.swift */ = {isa = PBXFileReference; lastKnownFileType = sourcecode.swift; path = "UIView+ConstraintLayout.swift"; sourceTree = "<group>"; };
		1BD9FC6F228B84CF00C36991 /* JobTracker.xcdatamodel */ = {isa = PBXFileReference; lastKnownFileType = wrapper.xcdatamodel; path = JobTracker.xcdatamodel; sourceTree = "<group>"; };
		1BD9FC71228CACC600C36991 /* CoreDataManager.swift */ = {isa = PBXFileReference; lastKnownFileType = sourcecode.swift; path = CoreDataManager.swift; sourceTree = "<group>"; };
/* End PBXFileReference section */

/* Begin PBXFrameworksBuildPhase section */
		1BD9FC4D228B615E00C36991 /* Frameworks */ = {
			isa = PBXFrameworksBuildPhase;
			buildActionMask = 2147483647;
			files = (
			);
			runOnlyForDeploymentPostprocessing = 0;
		};
/* End PBXFrameworksBuildPhase section */

/* Begin PBXGroup section */
		1BD9FC47228B615E00C36991 = {
			isa = PBXGroup;
			children = (
				1BD9FC52228B615E00C36991 /* JobTracker */,
				1BD9FC51228B615E00C36991 /* Products */,
			);
			sourceTree = "<group>";
		};
		1BD9FC51228B615E00C36991 /* Products */ = {
			isa = PBXGroup;
			children = (
				1BD9FC50228B615E00C36991 /* JobTracker.app */,
			);
			name = Products;
			sourceTree = "<group>";
		};
		1BD9FC52228B615E00C36991 /* JobTracker */ = {
			isa = PBXGroup;
			children = (
				1BD9FC65228B617C00C36991 /* Supporting Files */,
				1BD9FC55228B615E00C36991 /* ViewController.swift */,
				1BD9FC5F228B616100C36991 /* Info.plist */,
				1BD9FC66228B61E000C36991 /* UIColor+Scheme.swift */,
				1BD9FC6C228B7BE800C36991 /* UIView+ConstraintLayout.swift */,
				1BD9FC68228B627600C36991 /* CompaniesViewController.swift */,
				1BD9FC6A228B6DD700C36991 /* AddCompanyViewController.swift */,
				1BD9FC6E228B84CF00C36991 /* JobTracker.xcdatamodeld */,
				1BD9FC71228CACC600C36991 /* CoreDataManager.swift */,
			);
			path = JobTracker;
			sourceTree = "<group>";
		};
		1BD9FC65228B617C00C36991 /* Supporting Files */ = {
			isa = PBXGroup;
			children = (
				1BD9FC53228B615E00C36991 /* AppDelegate.swift */,
				1BD9FC57228B615E00C36991 /* Main.storyboard */,
				1BD9FC5A228B616100C36991 /* Assets.xcassets */,
				1BD9FC5C228B616100C36991 /* LaunchScreen.storyboard */,
			);
			path = "Supporting Files";
			sourceTree = "<group>";
		};
/* End PBXGroup section */

/* Begin PBXNativeTarget section */
		1BD9FC4F228B615E00C36991 /* JobTracker */ = {
			isa = PBXNativeTarget;
			buildConfigurationList = 1BD9FC62228B616100C36991 /* Build configuration list for PBXNativeTarget "JobTracker" */;
			buildPhases = (
				1BD9FC4C228B615E00C36991 /* Sources */,
				1BD9FC4D228B615E00C36991 /* Frameworks */,
				1BD9FC4E228B615E00C36991 /* Resources */,
			);
			buildRules = (
			);
			dependencies = (
			);
			name = JobTracker;
			productName = JobTracker;
			productReference = 1BD9FC50228B615E00C36991 /* JobTracker.app */;
			productType = "com.apple.product-type.application";
		};
/* End PBXNativeTarget section */

/* Begin PBXProject section */
		1BD9FC48228B615E00C36991 /* Project object */ = {
			isa = PBXProject;
			attributes = {
				LastSwiftUpdateCheck = 1020;
				LastUpgradeCheck = 1020;
				ORGANIZATIONNAME = "고상원";
				TargetAttributes = {
					1BD9FC4F228B615E00C36991 = {
						CreatedOnToolsVersion = 10.2;
					};
				};
			};
			buildConfigurationList = 1BD9FC4B228B615E00C36991 /* Build configuration list for PBXProject "JobTracker" */;
			compatibilityVersion = "Xcode 9.3";
			developmentRegion = en;
			hasScannedForEncodings = 0;
			knownRegions = (
				en,
				Base,
			);
			mainGroup = 1BD9FC47228B615E00C36991;
			productRefGroup = 1BD9FC51228B615E00C36991 /* Products */;
			projectDirPath = "";
			projectRoot = "";
			targets = (
				1BD9FC4F228B615E00C36991 /* JobTracker */,
			);
		};
/* End PBXProject section */

/* Begin PBXResourcesBuildPhase section */
		1BD9FC4E228B615E00C36991 /* Resources */ = {
			isa = PBXResourcesBuildPhase;
			buildActionMask = 2147483647;
			files = (
				1BD9FC5E228B616100C36991 /* LaunchScreen.storyboard in Resources */,
				1BD9FC5B228B616100C36991 /* Assets.xcassets in Resources */,
				1BD9FC59228B615E00C36991 /* Main.storyboard in Resources */,
			);
			runOnlyForDeploymentPostprocessing = 0;
		};
/* End PBXResourcesBuildPhase section */

/* Begin PBXSourcesBuildPhase section */
		1BD9FC4C228B615E00C36991 /* Sources */ = {
			isa = PBXSourcesBuildPhase;
			buildActionMask = 2147483647;
			files = (
				1BD9FC56228B615E00C36991 /* ViewController.swift in Sources */,
				1BD9FC70228B84CF00C36991 /* JobTracker.xcdatamodeld in Sources */,
				1BD9FC6B228B6DD700C36991 /* AddCompanyViewController.swift in Sources */,
				1BD9FC54228B615E00C36991 /* AppDelegate.swift in Sources */,
				1BD9FC6D228B7BE800C36991 /* UIView+ConstraintLayout.swift in Sources */,
				1BD9FC69228B627600C36991 /* CompaniesViewController.swift in Sources */,
				1BD9FC72228CACC600C36991 /* CoreDataManager.swift in Sources */,
				1BD9FC67228B61E000C36991 /* UIColor+Scheme.swift in Sources */,
			);
			runOnlyForDeploymentPostprocessing = 0;
		};
/* End PBXSourcesBuildPhase section */

/* Begin PBXVariantGroup section */
		1BD9FC57228B615E00C36991 /* Main.storyboard */ = {
			isa = PBXVariantGroup;
			children = (
				1BD9FC58228B615E00C36991 /* Base */,
			);
			name = Main.storyboard;
			sourceTree = "<group>";
		};
		1BD9FC5C228B616100C36991 /* LaunchScreen.storyboard */ = {
			isa = PBXVariantGroup;
			children = (
				1BD9FC5D228B616100C36991 /* Base */,
			);
			name = LaunchScreen.storyboard;
			sourceTree = "<group>";
		};
/* End PBXVariantGroup section */

/* Begin XCBuildConfiguration section */
		1BD9FC60228B616100C36991 /* Debug */ = {
			isa = XCBuildConfiguration;
			buildSettings = {
				ALWAYS_SEARCH_USER_PATHS = NO;
				CLANG_ANALYZER_NONNULL = YES;
				CLANG_ANALYZER_NUMBER_OBJECT_CONVERSION = YES_AGGRESSIVE;
				CLANG_CXX_LANGUAGE_STANDARD = "gnu++14";
				CLANG_CXX_LIBRARY = "libc++";
				CLANG_ENABLE_MODULES = YES;
				CLANG_ENABLE_OBJC_ARC = YES;
				CLANG_ENABLE_OBJC_WEAK = YES;
				CLANG_WARN_BLOCK_CAPTURE_AUTORELEASING = YES;
				CLANG_WARN_BOOL_CONVERSION = YES;
				CLANG_WARN_COMMA = YES;
				CLANG_WARN_CONSTANT_CONVERSION = YES;
				CLANG_WARN_DEPRECATED_OBJC_IMPLEMENTATIONS = YES;
				CLANG_WARN_DIRECT_OBJC_ISA_USAGE = YES_ERROR;
				CLANG_WARN_DOCUMENTATION_COMMENTS = YES;
				CLANG_WARN_EMPTY_BODY = YES;
				CLANG_WARN_ENUM_CONVERSION = YES;
				CLANG_WARN_INFINITE_RECURSION = YES;
				CLANG_WARN_INT_CONVERSION = YES;
				CLANG_WARN_NON_LITERAL_NULL_CONVERSION = YES;
				CLANG_WARN_OBJC_IMPLICIT_RETAIN_SELF = YES;
				CLANG_WARN_OBJC_LITERAL_CONVERSION = YES;
				CLANG_WARN_OBJC_ROOT_CLASS = YES_ERROR;
				CLANG_WARN_RANGE_LOOP_ANALYSIS = YES;
				CLANG_WARN_STRICT_PROTOTYPES = YES;
				CLANG_WARN_SUSPICIOUS_MOVE = YES;
				CLANG_WARN_UNGUARDED_AVAILABILITY = YES_AGGRESSIVE;
				CLANG_WARN_UNREACHABLE_CODE = YES;
				CLANG_WARN__DUPLICATE_METHOD_MATCH = YES;
				CODE_SIGN_IDENTITY = "iPhone Developer";
				COPY_PHASE_STRIP = NO;
				DEBUG_INFORMATION_FORMAT = dwarf;
				ENABLE_STRICT_OBJC_MSGSEND = YES;
				ENABLE_TESTABILITY = YES;
				GCC_C_LANGUAGE_STANDARD = gnu11;
				GCC_DYNAMIC_NO_PIC = NO;
				GCC_NO_COMMON_BLOCKS = YES;
				GCC_OPTIMIZATION_LEVEL = 0;
				GCC_PREPROCESSOR_DEFINITIONS = (
					"DEBUG=1",
					"$(inherited)",
				);
				GCC_WARN_64_TO_32_BIT_CONVERSION = YES;
				GCC_WARN_ABOUT_RETURN_TYPE = YES_ERROR;
				GCC_WARN_UNDECLARED_SELECTOR = YES;
				GCC_WARN_UNINITIALIZED_AUTOS = YES_AGGRESSIVE;
				GCC_WARN_UNUSED_FUNCTION = YES;
				GCC_WARN_UNUSED_VARIABLE = YES;
				IPHONEOS_DEPLOYMENT_TARGET = 12.2;
				MTL_ENABLE_DEBUG_INFO = INCLUDE_SOURCE;
				MTL_FAST_MATH = YES;
				ONLY_ACTIVE_ARCH = YES;
				SDKROOT = iphoneos;
				SWIFT_ACTIVE_COMPILATION_CONDITIONS = DEBUG;
				SWIFT_OPTIMIZATION_LEVEL = "-Onone";
			};
			name = Debug;
		};
		1BD9FC61228B616100C36991 /* Release */ = {
			isa = XCBuildConfiguration;
			buildSettings = {
				ALWAYS_SEARCH_USER_PATHS = NO;
				CLANG_ANALYZER_NONNULL = YES;
				CLANG_ANALYZER_NUMBER_OBJECT_CONVERSION = YES_AGGRESSIVE;
				CLANG_CXX_LANGUAGE_STANDARD = "gnu++14";
				CLANG_CXX_LIBRARY = "libc++";
				CLANG_ENABLE_MODULES = YES;
				CLANG_ENABLE_OBJC_ARC = YES;
				CLANG_ENABLE_OBJC_WEAK = YES;
				CLANG_WARN_BLOCK_CAPTURE_AUTORELEASING = YES;
				CLANG_WARN_BOOL_CONVERSION = YES;
				CLANG_WARN_COMMA = YES;
				CLANG_WARN_CONSTANT_CONVERSION = YES;
				CLANG_WARN_DEPRECATED_OBJC_IMPLEMENTATIONS = YES;
				CLANG_WARN_DIRECT_OBJC_ISA_USAGE = YES_ERROR;
				CLANG_WARN_DOCUMENTATION_COMMENTS = YES;
				CLANG_WARN_EMPTY_BODY = YES;
				CLANG_WARN_ENUM_CONVERSION = YES;
				CLANG_WARN_INFINITE_RECURSION = YES;
				CLANG_WARN_INT_CONVERSION = YES;
				CLANG_WARN_NON_LITERAL_NULL_CONVERSION = YES;
				CLANG_WARN_OBJC_IMPLICIT_RETAIN_SELF = YES;
				CLANG_WARN_OBJC_LITERAL_CONVERSION = YES;
				CLANG_WARN_OBJC_ROOT_CLASS = YES_ERROR;
				CLANG_WARN_RANGE_LOOP_ANALYSIS = YES;
				CLANG_WARN_STRICT_PROTOTYPES = YES;
				CLANG_WARN_SUSPICIOUS_MOVE = YES;
				CLANG_WARN_UNGUARDED_AVAILABILITY = YES_AGGRESSIVE;
				CLANG_WARN_UNREACHABLE_CODE = YES;
				CLANG_WARN__DUPLICATE_METHOD_MATCH = YES;
				CODE_SIGN_IDENTITY = "iPhone Developer";
				COPY_PHASE_STRIP = NO;
				DEBUG_INFORMATION_FORMAT = "dwarf-with-dsym";
				ENABLE_NS_ASSERTIONS = NO;
				ENABLE_STRICT_OBJC_MSGSEND = YES;
				GCC_C_LANGUAGE_STANDARD = gnu11;
				GCC_NO_COMMON_BLOCKS = YES;
				GCC_WARN_64_TO_32_BIT_CONVERSION = YES;
				GCC_WARN_ABOUT_RETURN_TYPE = YES_ERROR;
				GCC_WARN_UNDECLARED_SELECTOR = YES;
				GCC_WARN_UNINITIALIZED_AUTOS = YES_AGGRESSIVE;
				GCC_WARN_UNUSED_FUNCTION = YES;
				GCC_WARN_UNUSED_VARIABLE = YES;
				IPHONEOS_DEPLOYMENT_TARGET = 12.2;
				MTL_ENABLE_DEBUG_INFO = NO;
				MTL_FAST_MATH = YES;
				SDKROOT = iphoneos;
				SWIFT_COMPILATION_MODE = wholemodule;
				SWIFT_OPTIMIZATION_LEVEL = "-O";
				VALIDATE_PRODUCT = YES;
			};
			name = Release;
		};
		1BD9FC63228B616100C36991 /* Debug */ = {
			isa = XCBuildConfiguration;
			buildSettings = {
				ASSETCATALOG_COMPILER_APPICON_NAME = AppIcon;
				CODE_SIGN_STYLE = Automatic;
				INFOPLIST_FILE = JobTracker/Info.plist;
				LD_RUNPATH_SEARCH_PATHS = (
					"$(inherited)",
					"@executable_path/Frameworks",
				);
				PRODUCT_BUNDLE_IDENTIFIER = com.example.JobTracker;
				PRODUCT_NAME = "$(TARGET_NAME)";
				SWIFT_VERSION = 5.0;
				TARGETED_DEVICE_FAMILY = "1,2";
			};
			name = Debug;
		};
		1BD9FC64228B616100C36991 /* Release */ = {
			isa = XCBuildConfiguration;
			buildSettings = {
				ASSETCATALOG_COMPILER_APPICON_NAME = AppIcon;
				CODE_SIGN_STYLE = Automatic;
				INFOPLIST_FILE = JobTracker/Info.plist;
				LD_RUNPATH_SEARCH_PATHS = (
					"$(inherited)",
					"@executable_path/Frameworks",
				);
				PRODUCT_BUNDLE_IDENTIFIER = com.example.JobTracker;
				PRODUCT_NAME = "$(TARGET_NAME)";
				SWIFT_VERSION = 5.0;
				TARGETED_DEVICE_FAMILY = "1,2";
			};
			name = Release;
		};
/* End XCBuildConfiguration section */

/* Begin XCConfigurationList section */
		1BD9FC4B228B615E00C36991 /* Build configuration list for PBXProject "JobTracker" */ = {
			isa = XCConfigurationList;
			buildConfigurations = (
				1BD9FC60228B616100C36991 /* Debug */,
				1BD9FC61228B616100C36991 /* Release */,
			);
			defaultConfigurationIsVisible = 0;
			defaultConfigurationName = Release;
		};
		1BD9FC62228B616100C36991 /* Build configuration list for PBXNativeTarget "JobTracker" */ = {
			isa = XCConfigurationList;
			buildConfigurations = (
				1BD9FC63228B616100C36991 /* Debug */,
				1BD9FC64228B616100C36991 /* Release */,
			);
			defaultConfigurationIsVisible = 0;
			defaultConfigurationName = Release;
		};
/* End XCConfigurationList section */

/* Begin XCVersionGroup section */
		1BD9FC6E228B84CF00C36991 /* JobTracker.xcdatamodeld */ = {
			isa = XCVersionGroup;
			children = (
				1BD9FC6F228B84CF00C36991 /* JobTracker.xcdatamodel */,
			);
			currentVersion = 1BD9FC6F228B84CF00C36991 /* JobTracker.xcdatamodel */;
			path = JobTracker.xcdatamodeld;
			sourceTree = "<group>";
			versionGroupType = wrapper.xcdatamodel;
		};
/* End XCVersionGroup section */
	};
	rootObject = 1BD9FC48228B615E00C36991 /* Project object */;
}
